
Microsoft Visual Studio Solution File, Format Version 12.00
# Visual Studio Express 2012 for Web
Project("{FAE04EC0-301F-11D3-BF4B-00C04F79EFBC}") = "HomeServer8.Web", "HomeServer8.Web\HomeServer8.Web.csproj", "{F9B60D04-505A-46AE-B39F-9B8B7C26463F}"
EndProject
Global
	GlobalSection(SolutionConfigurationPlatforms) = preSolution
		Debug|Any CPU = Debug|Any CPU
		Release|Any CPU = Release|Any CPU
	EndGlobalSection
	GlobalSection(ProjectConfigurationPlatforms) = postSolution
		{F9B60D04-505A-46AE-B39F-9B8B7C26463F}.Debug|Any CPU.ActiveCfg = Debug|Any CPU
		{F9B60D04-505A-46AE-B39F-9B8B7C26463F}.Debug|Any CPU.Build.0 = Debug|Any CPU
		{F9B60D04-505A-46AE-B39F-9B8B7C26463F}.Release|Any CPU.ActiveCfg = Release|Any CPU
		{F9B60D04-505A-46AE-B39F-9B8B7C26463F}.Release|Any CPU.Build.0 = Release|Any CPU
	EndGlobalSection
	GlobalSection(SolutionProperties) = preSolution
		HideSolutionNode = FALSE
	EndGlobalSection
EndGlobal
